
Microsoft Visual Studio Solution File, Format Version 12.00
# Visual Studio Version 16
VisualStudioVersion = 16.0.30320.27
MinimumVisualStudioVersion = 10.0.40219.1
Project("{FAE04EC0-301F-11D3-BF4B-00C04F79EFBC}") = "InnerFires", "InnerFires\InnerFires.csproj", "{3B9953DA-F320-46C4-B927-452A8F46BB2D}"
EndProject
Project("{FAE04EC0-301F-11D3-BF4B-00C04F79EFBC}") = "PinFilters", "PinFilters\PinFilters.csproj", "{BE4D9B8A-D044-4AF9-ABBD-FB17BEE0B911}"
EndProject
Project("{FAE04EC0-301F-11D3-BF4B-00C04F79EFBC}") = "ExtendedExploreRadius", "ExtendedExploreRadius\ExtendedExploreRadius.csproj", "{137106D0-893A-4636-BA43-07B93C7F06D5}"
EndProject
Project("{FAE04EC0-301F-11D3-BF4B-00C04F79EFBC}") = "Cartographer", "Cartographer\Cartographer.csproj", "{729CB620-F52B-42E5-B790-D893D0185694}"
EndProject
Global
	GlobalSection(SolutionConfigurationPlatforms) = preSolution
		Debug|Any CPU = Debug|Any CPU
		Release|Any CPU = Release|Any CPU
	EndGlobalSection
	GlobalSection(ProjectConfigurationPlatforms) = postSolution
		{3B9953DA-F320-46C4-B927-452A8F46BB2D}.Debug|Any CPU.ActiveCfg = Debug|Any CPU
		{3B9953DA-F320-46C4-B927-452A8F46BB2D}.Debug|Any CPU.Build.0 = Debug|Any CPU
		{3B9953DA-F320-46C4-B927-452A8F46BB2D}.Release|Any CPU.ActiveCfg = Release|Any CPU
		{3B9953DA-F320-46C4-B927-452A8F46BB2D}.Release|Any CPU.Build.0 = Release|Any CPU
		{BE4D9B8A-D044-4AF9-ABBD-FB17BEE0B911}.Debug|Any CPU.ActiveCfg = Debug|Any CPU
		{BE4D9B8A-D044-4AF9-ABBD-FB17BEE0B911}.Debug|Any CPU.Build.0 = Debug|Any CPU
		{BE4D9B8A-D044-4AF9-ABBD-FB17BEE0B911}.Release|Any CPU.ActiveCfg = Release|Any CPU
		{BE4D9B8A-D044-4AF9-ABBD-FB17BEE0B911}.Release|Any CPU.Build.0 = Release|Any CPU
		{137106D0-893A-4636-BA43-07B93C7F06D5}.Debug|Any CPU.ActiveCfg = Debug|Any CPU
		{137106D0-893A-4636-BA43-07B93C7F06D5}.Debug|Any CPU.Build.0 = Debug|Any CPU
		{137106D0-893A-4636-BA43-07B93C7F06D5}.Release|Any CPU.ActiveCfg = Release|Any CPU
		{137106D0-893A-4636-BA43-07B93C7F06D5}.Release|Any CPU.Build.0 = Release|Any CPU
		{729CB620-F52B-42E5-B790-D893D0185694}.Debug|Any CPU.ActiveCfg = Debug|Any CPU
		{729CB620-F52B-42E5-B790-D893D0185694}.Debug|Any CPU.Build.0 = Debug|Any CPU
		{729CB620-F52B-42E5-B790-D893D0185694}.Release|Any CPU.ActiveCfg = Release|Any CPU
		{729CB620-F52B-42E5-B790-D893D0185694}.Release|Any CPU.Build.0 = Release|Any CPU
	EndGlobalSection
	GlobalSection(SolutionProperties) = preSolution
		HideSolutionNode = FALSE
	EndGlobalSection
	GlobalSection(ExtensibilityGlobals) = postSolution
		SolutionGuid = {EB5849B9-3D17-4874-B36A-940889A1BEAB}
	EndGlobalSection
EndGlobal
